Microsoft Visual Studio Solution File, Format Version 12.00
# Visual Studio Version 17
VisualStudioVersion = 17.0.31903.59
MinimumVisualStudioVersion = 10.0.40219.1
Project("{2150E333-8FDC-42A3-9474-1A3956D46DE8}") = "src", "src", "{D396A2E9-C13F-4D41-9D96-A518066C9556}"
EndProject
Project("{FAE04EC0-301F-11D3-BF4B-00C04F79EFBC}") = "GarnetWrapper", "src\GarnetWrapper\GarnetWrapper.csproj", "{B7A0E5F2-8E8B-4C3E-8A5A-7B7E7B5C8E8D}"
EndProject
Project("{2150E333-8FDC-42A3-9474-1A3956D46DE8}") = "samples", "samples", "{F5B7F0E1-7C3E-4D41-9D96-A518066C9556}"
EndProject
Project("{FAE04EC0-301F-11D3-BF4B-00C04F79EFBC}") = "GarnetWrapper.Sample", "samples\GarnetWrapper.Sample\GarnetWrapper.Sample.csproj", "{C8A0E5F2-8E8B-4C3E-8A5A-7B7E7B5C8E8D}"
EndProject
Global
	GlobalSection(SolutionConfigurationPlatforms) = preSolution
		Debug|Any CPU = Debug|Any CPU
		Release|Any CPU = Release|Any CPU
	EndGlobalSection
	GlobalSection(ProjectConfigurationPlatforms) = postSolution
		{B7A0E5F2-8E8B-4C3E-8A5A-7B7E7B5C8E8D}.Debug|Any CPU.ActiveCfg = Debug|Any CPU
		{B7A0E5F2-8E8B-4C3E-8A5A-7B7E7B5C8E8D}.Debug|Any CPU.Build.0 = Debug|Any CPU
		{B7A0E5F2-8E8B-4C3E-8A5A-7B7E7B5C8E8D}.Release|Any CPU.ActiveCfg = Release|Any CPU
		{B7A0E5F2-8E8B-4C3E-8A5A-7B7E7B5C8E8D}.Release|Any CPU.Build.0 = Release|Any CPU
		{C8A0E5F2-8E8B-4C3E-8A5A-7B7E7B5C8E8D}.Debug|Any CPU.ActiveCfg = Debug|Any CPU
		{C8A0E5F2-8E8B-4C3E-8A5A-7B7E7B5C8E8D}.Debug|Any CPU.Build.0 = Debug|Any CPU
		{C8A0E5F2-8E8B-4C3E-8A5A-7B7E7B5C8E8D}.Release|Any CPU.ActiveCfg = Release|Any CPU
		{C8A0E5F2-8E8B-4C3E-8A5A-7B7E7B5C8E8D}.Release|Any CPU.Build.0 = Release|Any CPU
	EndGlobalSection
	GlobalSection(SolutionProperties) = preSolution
		HideSolutionNode = FALSE
	EndGlobalSection
	GlobalSection(NestedProjects) = preSolution
		{B7A0E5F2-8E8B-4C3E-8A5A-7B7E7B5C8E8D} = {D396A2E9-C13F-4D41-9D96-A518066C9556}
		{C8A0E5F2-8E8B-4C3E-8A5A-7B7E7B5C8E8D} = {F5B7F0E1-7C3E-4D41-9D96-A518066C9556}
	EndGlobalSection
EndGlobal 